
Microsoft Visual Studio Solution File, Format Version 12.00
# Visual Studio Version 17
VisualStudioVersion = 17.9.34607.119
MinimumVisualStudioVersion = 10.0.40219.1
Project("{FAE04EC0-301F-11D3-BF4B-00C04F79EFBC}") = "sekretna liczba", "sekretna liczba\sekretna liczba.csproj", "{45B13870-24C5-4576-902D-3255D919D352}"
EndProject
Global
	GlobalSection(SolutionConfigurationPlatforms) = preSolution
		Debug|Any CPU = Debug|Any CPU
		Release|Any CPU = Release|Any CPU
	EndGlobalSection
	GlobalSection(ProjectConfigurationPlatforms) = postSolution
		{45B13870-24C5-4576-902D-3255D919D352}.Debug|Any CPU.ActiveCfg = Debug|Any CPU
		{45B13870-24C5-4576-902D-3255D919D352}.Debug|Any CPU.Build.0 = Debug|Any CPU
		{45B13870-24C5-4576-902D-3255D919D352}.Release|Any CPU.ActiveCfg = Release|Any CPU
		{45B13870-24C5-4576-902D-3255D919D352}.Release|Any CPU.Build.0 = Release|Any CPU
	EndGlobalSection
	GlobalSection(SolutionProperties) = preSolution
		HideSolutionNode = FALSE
	EndGlobalSection
	GlobalSection(ExtensibilityGlobals) = postSolution
		SolutionGuid = {B79321DE-0C51-4530-B322-45CF6B6D0EA9}
	EndGlobalSection
EndGlobal
